
Microsoft Visual Studio Solution File, Format Version 12.00
# Visual Studio Version 16
VisualStudioVersion = 16.0.28803.352
MinimumVisualStudioVersion = 10.0.40219.1
Project("{FAE04EC0-301F-11D3-BF4B-00C04F79EFBC}") = "mpets.mobi.bot", "mpets.mobi.bot\mpets.mobi.bot.csproj", "{A48ECB5B-FB85-484C-875C-B51B40FF849C}"
EndProject
Global
	GlobalSection(SolutionConfigurationPlatforms) = preSolution
		Debug|Any CPU = Debug|Any CPU
		Release|Any CPU = Release|Any CPU
	EndGlobalSection
	GlobalSection(ProjectConfigurationPlatforms) = postSolution
		{A48ECB5B-FB85-484C-875C-B51B40FF849C}.Debug|Any CPU.ActiveCfg = Debug|Any CPU
		{A48ECB5B-FB85-484C-875C-B51B40FF849C}.Debug|Any CPU.Build.0 = Debug|Any CPU
		{A48ECB5B-FB85-484C-875C-B51B40FF849C}.Release|Any CPU.ActiveCfg = Release|Any CPU
		{A48ECB5B-FB85-484C-875C-B51B40FF849C}.Release|Any CPU.Build.0 = Release|Any CPU
	EndGlobalSection
	GlobalSection(SolutionProperties) = preSolution
		HideSolutionNode = FALSE
	EndGlobalSection
	GlobalSection(ExtensibilityGlobals) = postSolution
		SolutionGuid = {689D9516-52CC-469A-BC46-7B66D3EE73F0}
	EndGlobalSection
EndGlobal
